
Microsoft Visual Studio Solution File, Format Version 12.00
# Visual Studio Version 17
VisualStudioVersion = 17.7.34221.43
MinimumVisualStudioVersion = 10.0.40219.1
Project("{9A19103F-16F7-4668-BE54-9A1E7A4F7556}") = "Cloud_Database_Management_System", "Cloud_Database_Management_System\Cloud_Database_Management_System.csproj", "{485D3E3C-A056-47D4-9D29-0E0D9D901D11}"
EndProject
Project("{9A19103F-16F7-4668-BE54-9A1E7A4F7556}") = "ClientGetHttp", "ClientGetHttp\ClientGetHttp.csproj", "{461167E9-5E4B-493B-BE8C-1853F09263CE}"
EndProject
Project("{9A19103F-16F7-4668-BE54-9A1E7A4F7556}") = "Security_Services_Dev_Env", "Security_Services_Dev_Env\Security_Services_Dev_Env.csproj", "{E330CA5B-FC5C-43D7-AE5A-F11874DF28BB}"
EndProject
Project("{9A19103F-16F7-4668-BE54-9A1E7A4F7556}") = "OTP_Centre", "OTP_Centre\OTP_Centre.csproj", "{6BF43443-8E28-4B9B-9E31-5C8CCBD41AB6}"
EndProject
Project("{FAE04EC0-301F-11D3-BF4B-00C04F79EFBC}") = "Databbase_Tests", "Databbase_Tests\Databbase_Tests.csproj", "{D3CC2EAA-10BA-4CBD-B3BD-200C00258673}"
EndProject
Project("{2150E333-8FDC-42A3-9474-1A3956D46DE8}") = "Database_Services_Tests", "Database_Services_Tests", "{7D8F0C8B-F809-432F-9049-0C1424F59BC4}"
EndProject
Project("{FAE04EC0-301F-11D3-BF4B-00C04F79EFBC}") = "UserviewTable_Services_Tests", "UserviewTable_Services_Tests\UserviewTable_Services_Tests.csproj", "{6F0A2ED7-145E-4481-8692-BAC3558E4791}"
EndProject
Project("{FAE04EC0-301F-11D3-BF4B-00C04F79EFBC}") = "PageViewTable_Services_Tests", "PageViewTable_Services\PageViewTable_Services_Tests.csproj", "{2818551F-CA55-4A99-A026-EB068FC21B05}"
EndProject
Project("{FAE04EC0-301F-11D3-BF4B-00C04F79EFBC}") = "SaleTransactionTable_Services_Tests", "SaleTransactionTable_Services_Tests\SaleTransactionTable_Services_Tests.csproj", "{21AF5FFA-28A4-4E15-BAB9-DB0685DD4949}"
EndProject
Project("{FAE04EC0-301F-11D3-BF4B-00C04F79EFBC}") = "FeedbackTable_Services_Tests", "FeedbackTable_Services_Tests\FeedbackTable_Services_Tests.csproj", "{8B97EDDA-1AE2-46D4-A1F0-44A48ABA4CFA}"
EndProject
Global
	GlobalSection(SolutionConfigurationPlatforms) = preSolution
		Debug|Any CPU = Debug|Any CPU
		Release|Any CPU = Release|Any CPU
	EndGlobalSection
	GlobalSection(ProjectConfigurationPlatforms) = postSolution
		{485D3E3C-A056-47D4-9D29-0E0D9D901D11}.Debug|Any CPU.ActiveCfg = Debug|Any CPU
		{485D3E3C-A056-47D4-9D29-0E0D9D901D11}.Debug|Any CPU.Build.0 = Debug|Any CPU
		{485D3E3C-A056-47D4-9D29-0E0D9D901D11}.Release|Any CPU.ActiveCfg = Release|Any CPU
		{485D3E3C-A056-47D4-9D29-0E0D9D901D11}.Release|Any CPU.Build.0 = Release|Any CPU
		{461167E9-5E4B-493B-BE8C-1853F09263CE}.Debug|Any CPU.ActiveCfg = Debug|Any CPU
		{461167E9-5E4B-493B-BE8C-1853F09263CE}.Debug|Any CPU.Build.0 = Debug|Any CPU
		{461167E9-5E4B-493B-BE8C-1853F09263CE}.Release|Any CPU.ActiveCfg = Release|Any CPU
		{461167E9-5E4B-493B-BE8C-1853F09263CE}.Release|Any CPU.Build.0 = Release|Any CPU
		{E330CA5B-FC5C-43D7-AE5A-F11874DF28BB}.Debug|Any CPU.ActiveCfg = Debug|Any CPU
		{E330CA5B-FC5C-43D7-AE5A-F11874DF28BB}.Debug|Any CPU.Build.0 = Debug|Any CPU
		{E330CA5B-FC5C-43D7-AE5A-F11874DF28BB}.Release|Any CPU.ActiveCfg = Release|Any CPU
		{E330CA5B-FC5C-43D7-AE5A-F11874DF28BB}.Release|Any CPU.Build.0 = Release|Any CPU
		{6BF43443-8E28-4B9B-9E31-5C8CCBD41AB6}.Debug|Any CPU.ActiveCfg = Debug|Any CPU
		{6BF43443-8E28-4B9B-9E31-5C8CCBD41AB6}.Debug|Any CPU.Build.0 = Debug|Any CPU
		{6BF43443-8E28-4B9B-9E31-5C8CCBD41AB6}.Release|Any CPU.ActiveCfg = Release|Any CPU
		{6BF43443-8E28-4B9B-9E31-5C8CCBD41AB6}.Release|Any CPU.Build.0 = Release|Any CPU
		{D3CC2EAA-10BA-4CBD-B3BD-200C00258673}.Debug|Any CPU.ActiveCfg = Debug|Any CPU
		{D3CC2EAA-10BA-4CBD-B3BD-200C00258673}.Debug|Any CPU.Build.0 = Debug|Any CPU
		{D3CC2EAA-10BA-4CBD-B3BD-200C00258673}.Release|Any CPU.ActiveCfg = Release|Any CPU
		{D3CC2EAA-10BA-4CBD-B3BD-200C00258673}.Release|Any CPU.Build.0 = Release|Any CPU
		{6F0A2ED7-145E-4481-8692-BAC3558E4791}.Debug|Any CPU.ActiveCfg = Debug|Any CPU
		{6F0A2ED7-145E-4481-8692-BAC3558E4791}.Debug|Any CPU.Build.0 = Debug|Any CPU
		{6F0A2ED7-145E-4481-8692-BAC3558E4791}.Release|Any CPU.ActiveCfg = Release|Any CPU
		{6F0A2ED7-145E-4481-8692-BAC3558E4791}.Release|Any CPU.Build.0 = Release|Any CPU
		{2818551F-CA55-4A99-A026-EB068FC21B05}.Debug|Any CPU.ActiveCfg = Debug|Any CPU
		{2818551F-CA55-4A99-A026-EB068FC21B05}.Debug|Any CPU.Build.0 = Debug|Any CPU
		{2818551F-CA55-4A99-A026-EB068FC21B05}.Release|Any CPU.ActiveCfg = Release|Any CPU
		{2818551F-CA55-4A99-A026-EB068FC21B05}.Release|Any CPU.Build.0 = Release|Any CPU
		{21AF5FFA-28A4-4E15-BAB9-DB0685DD4949}.Debug|Any CPU.ActiveCfg = Debug|Any CPU
		{21AF5FFA-28A4-4E15-BAB9-DB0685DD4949}.Debug|Any CPU.Build.0 = Debug|Any CPU
		{21AF5FFA-28A4-4E15-BAB9-DB0685DD4949}.Release|Any CPU.ActiveCfg = Release|Any CPU
		{21AF5FFA-28A4-4E15-BAB9-DB0685DD4949}.Release|Any CPU.Build.0 = Release|Any CPU
		{8B97EDDA-1AE2-46D4-A1F0-44A48ABA4CFA}.Debug|Any CPU.ActiveCfg = Debug|Any CPU
		{8B97EDDA-1AE2-46D4-A1F0-44A48ABA4CFA}.Debug|Any CPU.Build.0 = Debug|Any CPU
		{8B97EDDA-1AE2-46D4-A1F0-44A48ABA4CFA}.Release|Any CPU.ActiveCfg = Release|Any CPU
		{8B97EDDA-1AE2-46D4-A1F0-44A48ABA4CFA}.Release|Any CPU.Build.0 = Release|Any CPU
	EndGlobalSection
	GlobalSection(SolutionProperties) = preSolution
		HideSolutionNode = FALSE
	EndGlobalSection
	GlobalSection(NestedProjects) = preSolution
		{6F0A2ED7-145E-4481-8692-BAC3558E4791} = {7D8F0C8B-F809-432F-9049-0C1424F59BC4}
		{2818551F-CA55-4A99-A026-EB068FC21B05} = {7D8F0C8B-F809-432F-9049-0C1424F59BC4}
		{21AF5FFA-28A4-4E15-BAB9-DB0685DD4949} = {7D8F0C8B-F809-432F-9049-0C1424F59BC4}
		{8B97EDDA-1AE2-46D4-A1F0-44A48ABA4CFA} = {7D8F0C8B-F809-432F-9049-0C1424F59BC4}
	EndGlobalSection
	GlobalSection(ExtensibilityGlobals) = postSolution
		SolutionGuid = {83C99208-665D-4A72-86BA-F3CCBA851A8A}
	EndGlobalSection
EndGlobal
